
Microsoft Visual Studio Solution File, Format Version 12.00
# Visual Studio Version 16
VisualStudioVersion = 16.0.30309.148
MinimumVisualStudioVersion = 10.0.40219.1
Project("{8BC9CEB8-8B4A-11D0-8D11-00A0C91BC942}") = "dfx_acad", "dfx_acad\dfx_acad.vcxproj", "{E67CBDA6-6D87-423F-896F-93395E004633}"
EndProject
Global
	GlobalSection(SolutionConfigurationPlatforms) = preSolution
		Debug|x64 = Debug|x64
		Debug|x86 = Debug|x86
		Release|x64 = Release|x64
		Release|x86 = Release|x86
	EndGlobalSection
	GlobalSection(ProjectConfigurationPlatforms) = postSolution
		{E67CBDA6-6D87-423F-896F-93395E004633}.Debug|x64.ActiveCfg = Debug|x64
		{E67CBDA6-6D87-423F-896F-93395E004633}.Debug|x64.Build.0 = Debug|x64
		{E67CBDA6-6D87-423F-896F-93395E004633}.Debug|x86.ActiveCfg = Debug|Win32
		{E67CBDA6-6D87-423F-896F-93395E004633}.Debug|x86.Build.0 = Debug|Win32
		{E67CBDA6-6D87-423F-896F-93395E004633}.Release|x64.ActiveCfg = Release|x64
		{E67CBDA6-6D87-423F-896F-93395E004633}.Release|x64.Build.0 = Release|x64
		{E67CBDA6-6D87-423F-896F-93395E004633}.Release|x86.ActiveCfg = Release|Win32
		{E67CBDA6-6D87-423F-896F-93395E004633}.Release|x86.Build.0 = Release|Win32
	EndGlobalSection
	GlobalSection(SolutionProperties) = preSolution
		HideSolutionNode = FALSE
	EndGlobalSection
	GlobalSection(ExtensibilityGlobals) = postSolution
		SolutionGuid = {36DA1CAA-52D3-4232-BD53-A3C6FDC8FA29}
	EndGlobalSection
EndGlobal
